{
  "name": "TripBffMobileV2",
  "version": "0.0.1",
  "lockfileVersion": 1,
  "requires": true,
  "dependencies": {
    "react-native-restart": {
      "version": "0.0.12",
      "resolved": "https://registry.npmjs.org/react-native-restart/-/react-native-restart-0.0.12.tgz",
      "integrity": "sha512-aSvcsiSLUbHt1E0AXuC2gpIXBTn1p3J4jfTYFbFv/D19zTLW5WVUb4blgVt70RCkqvZWD3NEymS4ZZmFWGDclA=="
    },
    "react-native-splash-screen": {
      "version": "3.2.0",
      "resolved": "https://registry.npmjs.org/react-native-splash-screen/-/react-native-splash-screen-3.2.0.tgz",
      "integrity": "sha512-Ls9qiNZzW/OLFoI25wfjjAcrf2DZ975hn2vr6U9gyuxi2nooVbzQeFoQS5vQcbCt9QX5NY8ASEEAtlLdIa6KVg=="
    }
  }
}
